
Microsoft Visual Studio Solution File, Format Version 12.00
# Visual Studio Version 16
VisualStudioVersion = 16.0.31105.61
MinimumVisualStudioVersion = 10.0.40219.1
Project("{2150E333-8FDC-42A3-9474-1A3956D46DE8}") = "Services", "Services", "{6EF27760-4613-4447-B71C-73ED15C2D514}"
EndProject
Project("{2150E333-8FDC-42A3-9474-1A3956D46DE8}") = "Catalog", "Catalog", "{2927C048-DC44-4349-BAE1-611776F95061}"
EndProject
Project("{9A19103F-16F7-4668-BE54-9A1E7A4F7556}") = "FreeCourse.Services.Catalog", "Services\Catalog\FreeCourse.Services.Catalog\FreeCourse.Services.Catalog.csproj", "{F2787327-DD0C-4383-AB79-C9379330ED53}"
EndProject
Project("{2150E333-8FDC-42A3-9474-1A3956D46DE8}") = "Solution Items", "Solution Items", "{749F9988-6A61-406C-AD0B-8BC4E4F98B72}"
	ProjectSection(SolutionItems) = preProject
		Ports.txt = Ports.txt
	EndProjectSection
EndProject
Project("{2150E333-8FDC-42A3-9474-1A3956D46DE8}") = "Shared", "Shared", "{942331FB-C70D-4FBE-89EB-230B6D0CB700}"
EndProject
Project("{9A19103F-16F7-4668-BE54-9A1E7A4F7556}") = "FreeCourse.Shared", "Shared\FreeCourse.Shared\FreeCourse.Shared.csproj", "{5A6E1463-AD5C-4B8D-8F4A-658531B1ECA7}"
EndProject
Project("{2150E333-8FDC-42A3-9474-1A3956D46DE8}") = "IdentityServer", "IdentityServer", "{4017E37E-BFF1-43A9-BFAC-B8924D5838CF}"
EndProject
Project("{9A19103F-16F7-4668-BE54-9A1E7A4F7556}") = "FreeCourse.IdentityServer", "IdentityServer\FreeCourse.IdentityServer\FreeCourse.IdentityServer.csproj", "{52DBCB11-DAC7-48F5-8AFA-DBE9E5072C37}"
EndProject
Project("{2150E333-8FDC-42A3-9474-1A3956D46DE8}") = "PhotoStock", "PhotoStock", "{0E7BF0AF-5BB7-4B92-8AAF-33CA0C6A1AFD}"
EndProject
Project("{9A19103F-16F7-4668-BE54-9A1E7A4F7556}") = "FreeCourse.Services.PhotoStock", "Services\PhotoStock\FreeCourse.Services.PhotoStock\FreeCourse.Services.PhotoStock.csproj", "{B1B39DEB-30E2-4075-82A7-45AD2D5B8283}"
EndProject
Project("{2150E333-8FDC-42A3-9474-1A3956D46DE8}") = "Basket", "Basket", "{C6BFF3ED-61FD-421D-9F1B-270B96017A84}"
EndProject
Project("{9A19103F-16F7-4668-BE54-9A1E7A4F7556}") = "FreeCourse.Services.Basket", "Services\Basket\FreeCourse.Services.Basket\FreeCourse.Services.Basket.csproj", "{ED85AEA8-88FF-4741-8A96-0194F7C5019D}"
EndProject
Project("{2150E333-8FDC-42A3-9474-1A3956D46DE8}") = "Discount", "Discount", "{741E5637-1C98-4647-8A08-5F14F3F17F0D}"
EndProject
Project("{FAE04EC0-301F-11D3-BF4B-00C04F79EFBC}") = "FreeCourse.Services.Discount", "Services\Discount\FreeCourse.Services.Discount\FreeCourse.Services.Discount.csproj", "{F8E6E8E5-D605-40E1-833A-94606238E192}"
EndProject
Global
	GlobalSection(SolutionConfigurationPlatforms) = preSolution
		Debug|Any CPU = Debug|Any CPU
		Release|Any CPU = Release|Any CPU
	EndGlobalSection
	GlobalSection(ProjectConfigurationPlatforms) = postSolution
		{F2787327-DD0C-4383-AB79-C9379330ED53}.Debug|Any CPU.ActiveCfg = Debug|Any CPU
		{F2787327-DD0C-4383-AB79-C9379330ED53}.Debug|Any CPU.Build.0 = Debug|Any CPU
		{F2787327-DD0C-4383-AB79-C9379330ED53}.Release|Any CPU.ActiveCfg = Release|Any CPU
		{F2787327-DD0C-4383-AB79-C9379330ED53}.Release|Any CPU.Build.0 = Release|Any CPU
		{5A6E1463-AD5C-4B8D-8F4A-658531B1ECA7}.Debug|Any CPU.ActiveCfg = Debug|Any CPU
		{5A6E1463-AD5C-4B8D-8F4A-658531B1ECA7}.Debug|Any CPU.Build.0 = Debug|Any CPU
		{5A6E1463-AD5C-4B8D-8F4A-658531B1ECA7}.Release|Any CPU.ActiveCfg = Release|Any CPU
		{5A6E1463-AD5C-4B8D-8F4A-658531B1ECA7}.Release|Any CPU.Build.0 = Release|Any CPU
		{52DBCB11-DAC7-48F5-8AFA-DBE9E5072C37}.Debug|Any CPU.ActiveCfg = Debug|Any CPU
		{52DBCB11-DAC7-48F5-8AFA-DBE9E5072C37}.Debug|Any CPU.Build.0 = Debug|Any CPU
		{52DBCB11-DAC7-48F5-8AFA-DBE9E5072C37}.Release|Any CPU.ActiveCfg = Release|Any CPU
		{52DBCB11-DAC7-48F5-8AFA-DBE9E5072C37}.Release|Any CPU.Build.0 = Release|Any CPU
		{B1B39DEB-30E2-4075-82A7-45AD2D5B8283}.Debug|Any CPU.ActiveCfg = Debug|Any CPU
		{B1B39DEB-30E2-4075-82A7-45AD2D5B8283}.Debug|Any CPU.Build.0 = Debug|Any CPU
		{B1B39DEB-30E2-4075-82A7-45AD2D5B8283}.Release|Any CPU.ActiveCfg = Release|Any CPU
		{B1B39DEB-30E2-4075-82A7-45AD2D5B8283}.Release|Any CPU.Build.0 = Release|Any CPU
		{ED85AEA8-88FF-4741-8A96-0194F7C5019D}.Debug|Any CPU.ActiveCfg = Debug|Any CPU
		{ED85AEA8-88FF-4741-8A96-0194F7C5019D}.Debug|Any CPU.Build.0 = Debug|Any CPU
		{ED85AEA8-88FF-4741-8A96-0194F7C5019D}.Release|Any CPU.ActiveCfg = Release|Any CPU
		{ED85AEA8-88FF-4741-8A96-0194F7C5019D}.Release|Any CPU.Build.0 = Release|Any CPU
		{F8E6E8E5-D605-40E1-833A-94606238E192}.Debug|Any CPU.ActiveCfg = Debug|Any CPU
		{F8E6E8E5-D605-40E1-833A-94606238E192}.Debug|Any CPU.Build.0 = Debug|Any CPU
		{F8E6E8E5-D605-40E1-833A-94606238E192}.Release|Any CPU.ActiveCfg = Release|Any CPU
		{F8E6E8E5-D605-40E1-833A-94606238E192}.Release|Any CPU.Build.0 = Release|Any CPU
	EndGlobalSection
	GlobalSection(SolutionProperties) = preSolution
		HideSolutionNode = FALSE
	EndGlobalSection
	GlobalSection(NestedProjects) = preSolution
		{2927C048-DC44-4349-BAE1-611776F95061} = {6EF27760-4613-4447-B71C-73ED15C2D514}
		{F2787327-DD0C-4383-AB79-C9379330ED53} = {2927C048-DC44-4349-BAE1-611776F95061}
		{5A6E1463-AD5C-4B8D-8F4A-658531B1ECA7} = {942331FB-C70D-4FBE-89EB-230B6D0CB700}
		{52DBCB11-DAC7-48F5-8AFA-DBE9E5072C37} = {4017E37E-BFF1-43A9-BFAC-B8924D5838CF}
		{0E7BF0AF-5BB7-4B92-8AAF-33CA0C6A1AFD} = {6EF27760-4613-4447-B71C-73ED15C2D514}
		{B1B39DEB-30E2-4075-82A7-45AD2D5B8283} = {0E7BF0AF-5BB7-4B92-8AAF-33CA0C6A1AFD}
		{C6BFF3ED-61FD-421D-9F1B-270B96017A84} = {6EF27760-4613-4447-B71C-73ED15C2D514}
		{ED85AEA8-88FF-4741-8A96-0194F7C5019D} = {C6BFF3ED-61FD-421D-9F1B-270B96017A84}
		{741E5637-1C98-4647-8A08-5F14F3F17F0D} = {6EF27760-4613-4447-B71C-73ED15C2D514}
		{F8E6E8E5-D605-40E1-833A-94606238E192} = {741E5637-1C98-4647-8A08-5F14F3F17F0D}
	EndGlobalSection
	GlobalSection(ExtensibilityGlobals) = postSolution
		SolutionGuid = {28E11EF3-AC42-4F17-B71E-D6420CBDAE23}
	EndGlobalSection
EndGlobal
